// !$*UTF8*$!
{
	archiveVersion = 1;
	classes = {
	};
	objectVersion = 50;
	objects = {

/* Begin PBXBuildFile section */
		2508D5472349B4730078BF81 /* ViewController.swift in Sources */ = {isa = PBXBuildFile; fileRef = 2508D5462349B4730078BF81 /* ViewController.swift */; };
		2508D5492349BA690078BF81 /* Theme.swift in Sources */ = {isa = PBXBuildFile; fileRef = 2508D5482349BA690078BF81 /* Theme.swift */; };
		259CCEB023461CDE000DCF17 /* AppDelegate.swift in Sources */ = {isa = PBXBuildFile; fileRef = 259CCEAF23461CDE000DCF17 /* AppDelegate.swift */; };
		259CCEB523461CDE000DCF17 /* Main.storyboard in Resources */ = {isa = PBXBuildFile; fileRef = 259CCEB323461CDE000DCF17 /* Main.storyboard */; };
		259CCEB723461CE0000DCF17 /* Assets.xcassets in Resources */ = {isa = PBXBuildFile; fileRef = 259CCEB623461CE0000DCF17 /* Assets.xcassets */; };
		259CCEBA23461CE0000DCF17 /* LaunchScreen.storyboard in Resources */ = {isa = PBXBuildFile; fileRef = 259CCEB823461CE0000DCF17 /* LaunchScreen.storyboard */; };
		259CCEC5234620C4000DCF17 /* ConcentrationModel.swift in Sources */ = {isa = PBXBuildFile; fileRef = 259CCEC4234620C4000DCF17 /* ConcentrationModel.swift */; };
		259CCEC7234623A2000DCF17 /* Card.swift in Sources */ = {isa = PBXBuildFile; fileRef = 259CCEC6234623A2000DCF17 /* Card.swift */; };
/* End PBXBuildFile section */

/* Begin PBXFileReference section */
		2508D5462349B4730078BF81 /* ViewController.swift */ = {isa = PBXFileReference; fileEncoding = 4; lastKnownFileType = sourcecode.swift; path = ViewController.swift; sourceTree = "<group>"; };
		2508D5482349BA690078BF81 /* Theme.swift */ = {isa = PBXFileReference; lastKnownFileType = sourcecode.swift; path = Theme.swift; sourceTree = "<group>"; };
		259CCEAC23461CDE000DCF17 /* ConcentrationGame.app */ = {isa = PBXFileReference; explicitFileType = wrapper.application; includeInIndex = 0; path = ConcentrationGame.app; sourceTree = BUILT_PRODUCTS_DIR; };
		259CCEAF23461CDE000DCF17 /* AppDelegate.swift */ = {isa = PBXFileReference; lastKnownFileType = sourcecode.swift; path = AppDelegate.swift; sourceTree = "<group>"; };
		259CCEB423461CDE000DCF17 /* Base */ = {isa = PBXFileReference; lastKnownFileType = file.storyboard; name = Base; path = Base.lproj/Main.storyboard; sourceTree = "<group>"; };
		259CCEB623461CE0000DCF17 /* Assets.xcassets */ = {isa = PBXFileReference; lastKnownFileType = folder.assetcatalog; path = Assets.xcassets; sourceTree = "<group>"; };
		259CCEB923461CE0000DCF17 /* Base */ = {isa = PBXFileReference; lastKnownFileType = file.storyboard; name = Base; path = Base.lproj/LaunchScreen.storyboard; sourceTree = "<group>"; };
		259CCEBB23461CE0000DCF17 /* Info.plist */ = {isa = PBXFileReference; lastKnownFileType = text.plist.xml; path = Info.plist; sourceTree = "<group>"; };
		259CCEC4234620C4000DCF17 /* ConcentrationModel.swift */ = {isa = PBXFileReference; lastKnownFileType = sourcecode.swift; path = ConcentrationModel.swift; sourceTree = "<group>"; };
		259CCEC6234623A2000DCF17 /* Card.swift */ = {isa = PBXFileReference; lastKnownFileType = sourcecode.swift; path = Card.swift; sourceTree = "<group>"; };
/* End PBXFileReference section */

/* Begin PBXFrameworksBuildPhase section */
		259CCEA923461CDE000DCF17 /* Frameworks */ = {
			isa = PBXFrameworksBuildPhase;
			buildActionMask = 2147483647;
			files = (
			);
			runOnlyForDeploymentPostprocessing = 0;
		};
/* End PBXFrameworksBuildPhase section */

/* Begin PBXGroup section */
		259CCEA323461CDE000DCF17 = {
			isa = PBXGroup;
			children = (
				259CCEAE23461CDE000DCF17 /* ConcentrationGame */,
				259CCEAD23461CDE000DCF17 /* Products */,
			);
			sourceTree = "<group>";
		};
		259CCEAD23461CDE000DCF17 /* Products */ = {
			isa = PBXGroup;
			children = (
				259CCEAC23461CDE000DCF17 /* ConcentrationGame.app */,
			);
			name = Products;
			sourceTree = "<group>";
		};
		259CCEAE23461CDE000DCF17 /* ConcentrationGame */ = {
			isa = PBXGroup;
			children = (
				259CCEC123461E38000DCF17 /* Supporting Files */,
				259CCEC4234620C4000DCF17 /* ConcentrationModel.swift */,
				259CCEB323461CDE000DCF17 /* Main.storyboard */,
				2508D5462349B4730078BF81 /* ViewController.swift */,
				259CCEBB23461CE0000DCF17 /* Info.plist */,
				259CCEC6234623A2000DCF17 /* Card.swift */,
				2508D5482349BA690078BF81 /* Theme.swift */,
			);
			path = ConcentrationGame;
			sourceTree = "<group>";
		};
		259CCEC123461E38000DCF17 /* Supporting Files */ = {
			isa = PBXGroup;
			children = (
				259CCEAF23461CDE000DCF17 /* AppDelegate.swift */,
				259CCEB623461CE0000DCF17 /* Assets.xcassets */,
				259CCEB823461CE0000DCF17 /* LaunchScreen.storyboard */,
			);
			path = "Supporting Files";
			sourceTree = "<group>";
		};
/* End PBXGroup section */

/* Begin PBXNativeTarget section */
		259CCEAB23461CDE000DCF17 /* ConcentrationGame */ = {
			isa = PBXNativeTarget;
			buildConfigurationList = 259CCEBE23461CE0000DCF17 /* Build configuration list for PBXNativeTarget "ConcentrationGame" */;
			buildPhases = (
				259CCEA823461CDE000DCF17 /* Sources */,
				259CCEA923461CDE000DCF17 /* Frameworks */,
				259CCEAA23461CDE000DCF17 /* Resources */,
			);
			buildRules = (
			);
			dependencies = (
			);
			name = ConcentrationGame;
			productName = ConcentrationGame;
			productReference = 259CCEAC23461CDE000DCF17 /* ConcentrationGame.app */;
			productType = "com.apple.product-type.application";
		};
/* End PBXNativeTarget section */

/* Begin PBXProject section */
		259CCEA423461CDE000DCF17 /* Project object */ = {
			isa = PBXProject;
			attributes = {
				LastSwiftUpdateCheck = 1030;
				LastUpgradeCheck = 1030;
				ORGANIZATIONNAME = "Nogah Melamed Cohen";
				TargetAttributes = {
					259CCEAB23461CDE000DCF17 = {
						CreatedOnToolsVersion = 10.3;
					};
				};
			};
			buildConfigurationList = 259CCEA723461CDE000DCF17 /* Build configuration list for PBXProject "ConcentrationGame" */;
			compatibilityVersion = "Xcode 9.3";
			developmentRegion = en;
			hasScannedForEncodings = 0;
			knownRegions = (
				en,
				Base,
			);
			mainGroup = 259CCEA323461CDE000DCF17;
			productRefGroup = 259CCEAD23461CDE000DCF17 /* Products */;
			projectDirPath = "";
			projectRoot = "";
			targets = (
				259CCEAB23461CDE000DCF17 /* ConcentrationGame */,
			);
		};
/* End PBXProject section */

/* Begin PBXResourcesBuildPhase section */
		259CCEAA23461CDE000DCF17 /* Resources */ = {
			isa = PBXResourcesBuildPhase;
			buildActionMask = 2147483647;
			files = (
				259CCEBA23461CE0000DCF17 /* LaunchScreen.storyboard in Resources */,
				259CCEB723461CE0000DCF17 /* Assets.xcassets in Resources */,
				259CCEB523461CDE000DCF17 /* Main.storyboard in Resources */,
			);
			runOnlyForDeploymentPostprocessing = 0;
		};
/* End PBXResourcesBuildPhase section */

/* Begin PBXSourcesBuildPhase section */
		259CCEA823461CDE000DCF17 /* Sources */ = {
			isa = PBXSourcesBuildPhase;
			buildActionMask = 2147483647;
			files = (
				259CCEC5234620C4000DCF17 /* ConcentrationModel.swift in Sources */,
				259CCEB023461CDE000DCF17 /* AppDelegate.swift in Sources */,
				2508D5492349BA690078BF81 /* Theme.swift in Sources */,
				2508D5472349B4730078BF81 /* ViewController.swift in Sources */,
				259CCEC7234623A2000DCF17 /* Card.swift in Sources */,
			);
			runOnlyForDeploymentPostprocessing = 0;
		};
/* End PBXSourcesBuildPhase section */

/* Begin PBXVariantGroup section */
		259CCEB323461CDE000DCF17 /* Main.storyboard */ = {
			isa = PBXVariantGroup;
			children = (
				259CCEB423461CDE000DCF17 /* Base */,
			);
			name = Main.storyboard;
			sourceTree = "<group>";
		};
		259CCEB823461CE0000DCF17 /* LaunchScreen.storyboard */ = {
			isa = PBXVariantGroup;
			children = (
				259CCEB923461CE0000DCF17 /* Base */,
			);
			name = LaunchScreen.storyboard;
			sourceTree = "<group>";
		};
/* End PBXVariantGroup section */

/* Begin XCBuildConfiguration section */
		259CCEBC23461CE0000DCF17 /* Debug */ = {
			isa = XCBuildConfiguration;
			buildSettings = {
				ALWAYS_SEARCH_USER_PATHS = NO;
				CLANG_ANALYZER_NONNULL = YES;
				CLANG_ANALYZER_NUMBER_OBJECT_CONVERSION = YES_AGGRESSIVE;
				CLANG_CXX_LANGUAGE_STANDARD = "gnu++14";
				CLANG_CXX_LIBRARY = "libc++";
				CLANG_ENABLE_MODULES = YES;
				CLANG_ENABLE_OBJC_ARC = YES;
				CLANG_ENABLE_OBJC_WEAK = YES;
				CLANG_WARN_BLOCK_CAPTURE_AUTORELEASING = YES;
				CLANG_WARN_BOOL_CONVERSION = YES;
				CLANG_WARN_COMMA = YES;
				CLANG_WARN_CONSTANT_CONVERSION = YES;
				CLANG_WARN_DEPRECATED_OBJC_IMPLEMENTATIONS = YES;
				CLANG_WARN_DIRECT_OBJC_ISA_USAGE = YES_ERROR;
				CLANG_WARN_DOCUMENTATION_COMMENTS = YES;
				CLANG_WARN_EMPTY_BODY = YES;
				CLANG_WARN_ENUM_CONVERSION = YES;
				CLANG_WARN_INFINITE_RECURSION = YES;
				CLANG_WARN_INT_CONVERSION = YES;
				CLANG_WARN_NON_LITERAL_NULL_CONVERSION = YES;
				CLANG_WARN_OBJC_IMPLICIT_RETAIN_SELF = YES;
				CLANG_WARN_OBJC_LITERAL_CONVERSION = YES;
				CLANG_WARN_OBJC_ROOT_CLASS = YES_ERROR;
				CLANG_WARN_RANGE_LOOP_ANALYSIS = YES;
				CLANG_WARN_STRICT_PROTOTYPES = YES;
				CLANG_WARN_SUSPICIOUS_MOVE = YES;
				CLANG_WARN_UNGUARDED_AVAILABILITY = YES_AGGRESSIVE;
				CLANG_WARN_UNREACHABLE_CODE = YES;
				CLANG_WARN__DUPLICATE_METHOD_MATCH = YES;
				CODE_SIGN_IDENTITY = "iPhone Developer";
				COPY_PHASE_STRIP = NO;
				DEBUG_INFORMATION_FORMAT = dwarf;
				ENABLE_STRICT_OBJC_MSGSEND = YES;
				ENABLE_TESTABILITY = YES;
				GCC_C_LANGUAGE_STANDARD = gnu11;
				GCC_DYNAMIC_NO_PIC = NO;
				GCC_NO_COMMON_BLOCKS = YES;
				GCC_OPTIMIZATION_LEVEL = 0;
				GCC_PREPROCESSOR_DEFINITIONS = (
					"DEBUG=1",
					"$(inherited)",
				);
				GCC_WARN_64_TO_32_BIT_CONVERSION = YES;
				GCC_WARN_ABOUT_RETURN_TYPE = YES_ERROR;
				GCC_WARN_UNDECLARED_SELECTOR = YES;
				GCC_WARN_UNINITIALIZED_AUTOS = YES_AGGRESSIVE;
				GCC_WARN_UNUSED_FUNCTION = YES;
				GCC_WARN_UNUSED_VARIABLE = YES;
				IPHONEOS_DEPLOYMENT_TARGET = 12.4;
				MTL_ENABLE_DEBUG_INFO = INCLUDE_SOURCE;
				MTL_FAST_MATH = YES;
				ONLY_ACTIVE_ARCH = YES;
				SDKROOT = iphoneos;
				SWIFT_ACTIVE_COMPILATION_CONDITIONS = DEBUG;
				SWIFT_OPTIMIZATION_LEVEL = "-Onone";
			};
			name = Debug;
		};
		259CCEBD23461CE0000DCF17 /* Release */ = {
			isa = XCBuildConfiguration;
			buildSettings = {
				ALWAYS_SEARCH_USER_PATHS = NO;
				CLANG_ANALYZER_NONNULL = YES;
				CLANG_ANALYZER_NUMBER_OBJECT_CONVERSION = YES_AGGRESSIVE;
				CLANG_CXX_LANGUAGE_STANDARD = "gnu++14";
				CLANG_CXX_LIBRARY = "libc++";
				CLANG_ENABLE_MODULES = YES;
				CLANG_ENABLE_OBJC_ARC = YES;
				CLANG_ENABLE_OBJC_WEAK = YES;
				CLANG_WARN_BLOCK_CAPTURE_AUTORELEASING = YES;
				CLANG_WARN_BOOL_CONVERSION = YES;
				CLANG_WARN_COMMA = YES;
				CLANG_WARN_CONSTANT_CONVERSION = YES;
				CLANG_WARN_DEPRECATED_OBJC_IMPLEMENTATIONS = YES;
				CLANG_WARN_DIRECT_OBJC_ISA_USAGE = YES_ERROR;
				CLANG_WARN_DOCUMENTATION_COMMENTS = YES;
				CLANG_WARN_EMPTY_BODY = YES;
				CLANG_WARN_ENUM_CONVERSION = YES;
				CLANG_WARN_INFINITE_RECURSION = YES;
				CLANG_WARN_INT_CONVERSION = YES;
				CLANG_WARN_NON_LITERAL_NULL_CONVERSION = YES;
				CLANG_WARN_OBJC_IMPLICIT_RETAIN_SELF = YES;
				CLANG_WARN_OBJC_LITERAL_CONVERSION = YES;
				CLANG_WARN_OBJC_ROOT_CLASS = YES_ERROR;
				CLANG_WARN_RANGE_LOOP_ANALYSIS = YES;
				CLANG_WARN_STRICT_PROTOTYPES = YES;
				CLANG_WARN_SUSPICIOUS_MOVE = YES;
				CLANG_WARN_UNGUARDED_AVAILABILITY = YES_AGGRESSIVE;
				CLANG_WARN_UNREACHABLE_CODE = YES;
				CLANG_WARN__DUPLICATE_METHOD_MATCH = YES;
				CODE_SIGN_IDENTITY = "iPhone Developer";
				COPY_PHASE_STRIP = NO;
				DEBUG_INFORMATION_FORMAT = "dwarf-with-dsym";
				ENABLE_NS_ASSERTIONS = NO;
				ENABLE_STRICT_OBJC_MSGSEND = YES;
				GCC_C_LANGUAGE_STANDARD = gnu11;
				GCC_NO_COMMON_BLOCKS = YES;
				GCC_WARN_64_TO_32_BIT_CONVERSION = YES;
				GCC_WARN_ABOUT_RETURN_TYPE = YES_ERROR;
				GCC_WARN_UNDECLARED_SELECTOR = YES;
				GCC_WARN_UNINITIALIZED_AUTOS = YES_AGGRESSIVE;
				GCC_WARN_UNUSED_FUNCTION = YES;
				GCC_WARN_UNUSED_VARIABLE = YES;
				IPHONEOS_DEPLOYMENT_TARGET = 12.4;
				MTL_ENABLE_DEBUG_INFO = NO;
				MTL_FAST_MATH = YES;
				SDKROOT = iphoneos;
				SWIFT_COMPILATION_MODE = wholemodule;
				SWIFT_OPTIMIZATION_LEVEL = "-O";
				VALIDATE_PRODUCT = YES;
			};
			name = Release;
		};
		259CCEBF23461CE0000DCF17 /* Debug */ = {
			isa = XCBuildConfiguration;
			buildSettings = {
				ASSETCATALOG_COMPILER_APPICON_NAME = AppIcon;
				CODE_SIGN_STYLE = Automatic;
				DEVELOPMENT_TEAM = 74Z7DL5V27;
				INFOPLIST_FILE = ConcentrationGame/Info.plist;
				LD_RUNPATH_SEARCH_PATHS = (
					"$(inherited)",
					"@executable_path/Frameworks",
				);
				PRODUCT_BUNDLE_IDENTIFIER = nogah.ConcentrationGame;
				PRODUCT_NAME = "$(TARGET_NAME)";
				SWIFT_VERSION = 5.0;
				TARGETED_DEVICE_FAMILY = "1,2";
			};
			name = Debug;
		};
		259CCEC023461CE0000DCF17 /* Release */ = {
			isa = XCBuildConfiguration;
			buildSettings = {
				ASSETCATALOG_COMPILER_APPICON_NAME = AppIcon;
				CODE_SIGN_STYLE = Automatic;
				DEVELOPMENT_TEAM = 74Z7DL5V27;
				INFOPLIST_FILE = ConcentrationGame/Info.plist;
				LD_RUNPATH_SEARCH_PATHS = (
					"$(inherited)",
					"@executable_path/Frameworks",
				);
				PRODUCT_BUNDLE_IDENTIFIER = nogah.ConcentrationGame;
				PRODUCT_NAME = "$(TARGET_NAME)";
				SWIFT_VERSION = 5.0;
				TARGETED_DEVICE_FAMILY = "1,2";
			};
			name = Release;
		};
/* End XCBuildConfiguration section */

/* Begin XCConfigurationList section */
		259CCEA723461CDE000DCF17 /* Build configuration list for PBXProject "ConcentrationGame" */ = {
			isa = XCConfigurationList;
			buildConfigurations = (
				259CCEBC23461CE0000DCF17 /* Debug */,
				259CCEBD23461CE0000DCF17 /* Release */,
			);
			defaultConfigurationIsVisible = 0;
			defaultConfigurationName = Release;
		};
		259CCEBE23461CE0000DCF17 /* Build configuration list for PBXNativeTarget "ConcentrationGame" */ = {
			isa = XCConfigurationList;
			buildConfigurations = (
				259CCEBF23461CE0000DCF17 /* Debug */,
				259CCEC023461CE0000DCF17 /* Release */,
			);
			defaultConfigurationIsVisible = 0;
			defaultConfigurationName = Release;
		};
/* End XCConfigurationList section */
	};
	rootObject = 259CCEA423461CDE000DCF17 /* Project object */;
}
